
Microsoft Visual Studio Solution File, Format Version 12.00
# Visual Studio 15
VisualStudioVersion = 15.0.27705.2000
MinimumVisualStudioVersion = 10.0.40219.1
Project("{FAE04EC0-301F-11D3-BF4B-00C04F79EFBC}") = "DelimiterSeparatedTextParser", "DelimiterSeparatedTextParser\DelimiterSeparatedTextParser.csproj", "{20E794D5-3203-49A0-92BC-650D5F06E43B}"
EndProject
Global
	GlobalSection(SolutionConfigurationPlatforms) = preSolution
		Debug|Any CPU = Debug|Any CPU
		Release|Any CPU = Release|Any CPU
	EndGlobalSection
	GlobalSection(ProjectConfigurationPlatforms) = postSolution
		{20E794D5-3203-49A0-92BC-650D5F06E43B}.Debug|Any CPU.ActiveCfg = Debug|Any CPU
		{20E794D5-3203-49A0-92BC-650D5F06E43B}.Debug|Any CPU.Build.0 = Debug|Any CPU
		{20E794D5-3203-49A0-92BC-650D5F06E43B}.Release|Any CPU.ActiveCfg = Release|Any CPU
		{20E794D5-3203-49A0-92BC-650D5F06E43B}.Release|Any CPU.Build.0 = Release|Any CPU
	EndGlobalSection
	GlobalSection(SolutionProperties) = preSolution
		HideSolutionNode = FALSE
	EndGlobalSection
	GlobalSection(ExtensibilityGlobals) = postSolution
		SolutionGuid = {A33F2AB9-1327-4963-A3B4-1504F89E3B73}
	EndGlobalSection
EndGlobal
